
Microsoft Visual Studio Solution File, Format Version 12.00
# Visual Studio Version 16
VisualStudioVersion = 16.0.31605.320
MinimumVisualStudioVersion = 10.0.40219.1
Project("{FAE04EC0-301F-11D3-BF4B-00C04F79EFBC}") = "Vigenere_Cipher_UI", "Vigenere_Cipher_UI\Vigenere_Cipher_UI.csproj", "{29A8B38F-D32F-4982-BC21-22EDADC094F7}"
EndProject
Project("{FAE04EC0-301F-11D3-BF4B-00C04F79EFBC}") = "Vigenere_Cipher_UITests", "Vigenere_Cipher_UITests\Vigenere_Cipher_UITests.csproj", "{1D28EAE9-39FD-4659-815F-FCEFDF8B66F9}"
EndProject
Global
	GlobalSection(SolutionConfigurationPlatforms) = preSolution
		Debug|Any CPU = Debug|Any CPU
		Release|Any CPU = Release|Any CPU
	EndGlobalSection
	GlobalSection(ProjectConfigurationPlatforms) = postSolution
		{29A8B38F-D32F-4982-BC21-22EDADC094F7}.Debug|Any CPU.ActiveCfg = Debug|Any CPU
		{29A8B38F-D32F-4982-BC21-22EDADC094F7}.Debug|Any CPU.Build.0 = Debug|Any CPU
		{29A8B38F-D32F-4982-BC21-22EDADC094F7}.Release|Any CPU.ActiveCfg = Release|Any CPU
		{29A8B38F-D32F-4982-BC21-22EDADC094F7}.Release|Any CPU.Build.0 = Release|Any CPU
		{1D28EAE9-39FD-4659-815F-FCEFDF8B66F9}.Debug|Any CPU.ActiveCfg = Debug|Any CPU
		{1D28EAE9-39FD-4659-815F-FCEFDF8B66F9}.Debug|Any CPU.Build.0 = Debug|Any CPU
		{1D28EAE9-39FD-4659-815F-FCEFDF8B66F9}.Release|Any CPU.ActiveCfg = Release|Any CPU
		{1D28EAE9-39FD-4659-815F-FCEFDF8B66F9}.Release|Any CPU.Build.0 = Release|Any CPU
	EndGlobalSection
	GlobalSection(SolutionProperties) = preSolution
		HideSolutionNode = FALSE
	EndGlobalSection
	GlobalSection(ExtensibilityGlobals) = postSolution
		SolutionGuid = {193AD10A-3402-4E30-BEEB-584217A915EE}
	EndGlobalSection
EndGlobal
